
Microsoft Visual Studio Solution File, Format Version 12.00
# Visual Studio Version 16
VisualStudioVersion = 16.0.30608.117
MinimumVisualStudioVersion = 10.0.40219.1
Project("{9A19103F-16F7-4668-BE54-9A1E7A4F7556}") = "MyProjectTests", "MyProjectTests\MyProjectTests.csproj", "{3BBE563B-7A41-40B6-8C03-C7E67A277987}"
EndProject
Project("{9A19103F-16F7-4668-BE54-9A1E7A4F7556}") = "ExtendedProject", "..\ExtendedSolution\ExtendedProject\ExtendedProject.csproj", "{5629FA54-1573-4605-A17F-63AD828D9B5D}"
EndProject
Global
	GlobalSection(SolutionConfigurationPlatforms) = preSolution
		Debug|Any CPU = Debug|Any CPU
		Release|Any CPU = Release|Any CPU
	EndGlobalSection
	GlobalSection(ProjectConfigurationPlatforms) = postSolution
		{3BBE563B-7A41-40B6-8C03-C7E67A277987}.Debug|Any CPU.ActiveCfg = Debug|Any CPU
		{3BBE563B-7A41-40B6-8C03-C7E67A277987}.Debug|Any CPU.Build.0 = Debug|Any CPU
		{3BBE563B-7A41-40B6-8C03-C7E67A277987}.Release|Any CPU.ActiveCfg = Release|Any CPU
		{3BBE563B-7A41-40B6-8C03-C7E67A277987}.Release|Any CPU.Build.0 = Release|Any CPU
		{5629FA54-1573-4605-A17F-63AD828D9B5D}.Debug|Any CPU.ActiveCfg = Debug|Any CPU
		{5629FA54-1573-4605-A17F-63AD828D9B5D}.Debug|Any CPU.Build.0 = Debug|Any CPU
		{5629FA54-1573-4605-A17F-63AD828D9B5D}.Release|Any CPU.ActiveCfg = Release|Any CPU
		{5629FA54-1573-4605-A17F-63AD828D9B5D}.Release|Any CPU.Build.0 = Release|Any CPU
	EndGlobalSection
	GlobalSection(SolutionProperties) = preSolution
		HideSolutionNode = FALSE
	EndGlobalSection
	GlobalSection(ExtensibilityGlobals) = postSolution
		SolutionGuid = {B58BBE9C-B218-400B-B8BF-0B2CA4B183EE}
	EndGlobalSection
EndGlobal
