
Microsoft Visual Studio Solution File, Format Version 12.00
# Visual Studio Version 16
VisualStudioVersion = 16.0.30608.117
MinimumVisualStudioVersion = 10.0.40219.1
Project("{9A19103F-16F7-4668-BE54-9A1E7A4F7556}") = "MyProject", "MyProject\MyProject.csproj", "{1ADFC920-E83C-4C01-9D1D-0BA559DA1AAB}"
EndProject
Project("{9A19103F-16F7-4668-BE54-9A1E7A4F7556}") = "MyProjectTests", "MyProjectTests\MyProjectTests.csproj", "{3BBE563B-7A41-40B6-8C03-C7E67A277987}"
EndProject
Project("{9A19103F-16F7-4668-BE54-9A1E7A4F7556}") = "ExtendedProject", "..\ExtendedSolution\ExtendedProject\ExtendedProject.csproj", "{5629FA54-1573-4605-A17F-63AD828D9B5D}"
EndProject
Project("{FAE04EC0-301F-11D3-BF4B-00C04F79EFBC}") = "PerfomenceProject", "PerfomenceProject\PerfomenceProject.csproj", "{9CF6F2A3-3A96-4259-8A74-D0B223D6427B}"
EndProject
Global
	GlobalSection(SolutionConfigurationPlatforms) = preSolution
		Debug|Any CPU = Debug|Any CPU
		Release|Any CPU = Release|Any CPU
	EndGlobalSection
	GlobalSection(ProjectConfigurationPlatforms) = postSolution
		{1ADFC920-E83C-4C01-9D1D-0BA559DA1AAB}.Debug|Any CPU.ActiveCfg = Debug|Any CPU
		{1ADFC920-E83C-4C01-9D1D-0BA559DA1AAB}.Debug|Any CPU.Build.0 = Debug|Any CPU
		{1ADFC920-E83C-4C01-9D1D-0BA559DA1AAB}.Release|Any CPU.ActiveCfg = Release|Any CPU
		{1ADFC920-E83C-4C01-9D1D-0BA559DA1AAB}.Release|Any CPU.Build.0 = Release|Any CPU
		{3BBE563B-7A41-40B6-8C03-C7E67A277987}.Debug|Any CPU.ActiveCfg = Debug|Any CPU
		{3BBE563B-7A41-40B6-8C03-C7E67A277987}.Debug|Any CPU.Build.0 = Debug|Any CPU
		{3BBE563B-7A41-40B6-8C03-C7E67A277987}.Release|Any CPU.ActiveCfg = Release|Any CPU
		{3BBE563B-7A41-40B6-8C03-C7E67A277987}.Release|Any CPU.Build.0 = Release|Any CPU
		{5629FA54-1573-4605-A17F-63AD828D9B5D}.Debug|Any CPU.ActiveCfg = Debug|Any CPU
		{5629FA54-1573-4605-A17F-63AD828D9B5D}.Debug|Any CPU.Build.0 = Debug|Any CPU
		{5629FA54-1573-4605-A17F-63AD828D9B5D}.Release|Any CPU.ActiveCfg = Release|Any CPU
		{5629FA54-1573-4605-A17F-63AD828D9B5D}.Release|Any CPU.Build.0 = Release|Any CPU
		{9CF6F2A3-3A96-4259-8A74-D0B223D6427B}.Debug|Any CPU.ActiveCfg = Debug|Any CPU
		{9CF6F2A3-3A96-4259-8A74-D0B223D6427B}.Debug|Any CPU.Build.0 = Debug|Any CPU
		{9CF6F2A3-3A96-4259-8A74-D0B223D6427B}.Release|Any CPU.ActiveCfg = Release|Any CPU
		{9CF6F2A3-3A96-4259-8A74-D0B223D6427B}.Release|Any CPU.Build.0 = Release|Any CPU
	EndGlobalSection
	GlobalSection(SolutionProperties) = preSolution
		HideSolutionNode = FALSE
	EndGlobalSection
	GlobalSection(ExtensibilityGlobals) = postSolution
		SolutionGuid = {B58BBE9C-B218-400B-B8BF-0B2CA4B183EE}
	EndGlobalSection
EndGlobal
